Microsoft Visual Studio Solution File, Format Version 11.00
# Visual Studio 2008

Project("{FA77F8FF-F939-3F87-5745-FA66D2F73E05}") = "panipaniRacing", "Assembly-CSharp-firstpass.csproj", "{B0FBFF50-8416-34EC-65BD-0E855DD4EE28}"
EndProject
Project("{FA77F8FF-F939-3F87-5745-FA66D2F73E05}") = "panipaniRacing", "Assembly-CSharp.csproj", "{1E8471A1-4F6C-AAB1-DD3C-AE27C2909E62}"
EndProject
Project("{FA77F8FF-F939-3F87-5745-FA66D2F73E05}") = "panipaniRacing", "Assembly-CSharp-Editor-firstpass.csproj", "{BA7AE4F8-E5A8-3559-B1B3-DC11FC3D3D66}"
EndProject
Project("{FA77F8FF-F939-3F87-5745-FA66D2F73E05}") = "panipaniRacing", "Assembly-UnityScript-firstpass.unityproj", "{A92AD51A-94AD-F2A7-DFFB-B116BDF6F62D}"
EndProject
Project("{FA77F8FF-F939-3F87-5745-FA66D2F73E05}") = "panipaniRacing", "Assembly-UnityScript.unityproj", "{DF0BACA0-2E6B-BC16-FF7B-CC0A26DA4A0B}"
EndProject
Global
	GlobalSection(SolutionConfigurationPlatforms) = preSolution
		Debug|Any CPU = Debug|Any CPU
		Release|Any CPU = Release|Any CPU
	EndGlobalSection
	GlobalSection(ProjectConfigurationPlatforms) = postSolution
		{B0FBFF50-8416-34EC-65BD-0E855DD4EE28}.Debug|Any CPU.ActiveCfg = Debug|Any CPU
		{B0FBFF50-8416-34EC-65BD-0E855DD4EE28}.Debug|Any CPU.Build.0 = Debug|Any CPU
		{B0FBFF50-8416-34EC-65BD-0E855DD4EE28}.Release|Any CPU.ActiveCfg = Release|Any CPU
		{B0FBFF50-8416-34EC-65BD-0E855DD4EE28}.Release|Any CPU.Build.0 = Release|Any CPU
		{1E8471A1-4F6C-AAB1-DD3C-AE27C2909E62}.Debug|Any CPU.ActiveCfg = Debug|Any CPU
		{1E8471A1-4F6C-AAB1-DD3C-AE27C2909E62}.Debug|Any CPU.Build.0 = Debug|Any CPU
		{1E8471A1-4F6C-AAB1-DD3C-AE27C2909E62}.Release|Any CPU.ActiveCfg = Release|Any CPU
		{1E8471A1-4F6C-AAB1-DD3C-AE27C2909E62}.Release|Any CPU.Build.0 = Release|Any CPU
		{BA7AE4F8-E5A8-3559-B1B3-DC11FC3D3D66}.Debug|Any CPU.ActiveCfg = Debug|Any CPU
		{BA7AE4F8-E5A8-3559-B1B3-DC11FC3D3D66}.Debug|Any CPU.Build.0 = Debug|Any CPU
		{BA7AE4F8-E5A8-3559-B1B3-DC11FC3D3D66}.Release|Any CPU.ActiveCfg = Release|Any CPU
		{BA7AE4F8-E5A8-3559-B1B3-DC11FC3D3D66}.Release|Any CPU.Build.0 = Release|Any CPU
		{A92AD51A-94AD-F2A7-DFFB-B116BDF6F62D}.Debug|Any CPU.ActiveCfg = Debug|Any CPU
		{A92AD51A-94AD-F2A7-DFFB-B116BDF6F62D}.Debug|Any CPU.Build.0 = Debug|Any CPU
		{A92AD51A-94AD-F2A7-DFFB-B116BDF6F62D}.Release|Any CPU.ActiveCfg = Release|Any CPU
		{A92AD51A-94AD-F2A7-DFFB-B116BDF6F62D}.Release|Any CPU.Build.0 = Release|Any CPU
		{DF0BACA0-2E6B-BC16-FF7B-CC0A26DA4A0B}.Debug|Any CPU.ActiveCfg = Debug|Any CPU
		{DF0BACA0-2E6B-BC16-FF7B-CC0A26DA4A0B}.Debug|Any CPU.Build.0 = Debug|Any CPU
		{DF0BACA0-2E6B-BC16-FF7B-CC0A26DA4A0B}.Release|Any CPU.ActiveCfg = Release|Any CPU
		{DF0BACA0-2E6B-BC16-FF7B-CC0A26DA4A0B}.Release|Any CPU.Build.0 = Release|Any CPU
	EndGlobalSection
	GlobalSection(SolutionProperties) = preSolution
		HideSolutionNode = FALSE
	EndGlobalSection
																																																																																																																																																					GlobalSection(MonoDevelopProperties) = preSolution
		StartupItem = Assembly-CSharp.csproj
		Policies = $0
		$0.TextStylePolicy = $1
		$1.inheritsSet = null
		$1.scope = text/x-csharp
		$0.CSharpFormattingPolicy = $2
		$2.inheritsSet = Mono
		$2.inheritsScope = text/x-csharp
		$2.scope = text/x-csharp
		$0.TextStylePolicy = $3
		$3.FileWidth = 120
		$3.TabWidth = 4
		$3.IndentWidth = 4
		$3.EolMarker = Unix
		$3.inheritsSet = Mono
		$3.inheritsScope = text/plain
		$3.scope = text/plain
	EndGlobalSection

EndGlobal
